
Microsoft Visual Studio Solution File, Format Version 12.00
# Visual Studio Version 17
VisualStudioVersion = 17.9.34723.18
MinimumVisualStudioVersion = 10.0.40219.1
Project("{FAE04EC0-301F-11D3-BF4B-00C04F79EFBC}") = "CamposAdicionales", "CamposAdicionales.csproj", "{436FBE23-6EA5-495E-9972-37A09690A9F0}"
EndProject
Global
	GlobalSection(SolutionConfigurationPlatforms) = preSolution
		Debug|Any CPU = Debug|Any CPU
		Release|Any CPU = Release|Any CPU
	EndGlobalSection
	GlobalSection(ProjectConfigurationPlatforms) = postSolution
		{436FBE23-6EA5-495E-9972-37A09690A9F0}.Debug|Any CPU.ActiveCfg = Debug|Any CPU
		{436FBE23-6EA5-495E-9972-37A09690A9F0}.Debug|Any CPU.Build.0 = Debug|Any CPU
		{436FBE23-6EA5-495E-9972-37A09690A9F0}.Release|Any CPU.ActiveCfg = Release|Any CPU
		{436FBE23-6EA5-495E-9972-37A09690A9F0}.Release|Any CPU.Build.0 = Release|Any CPU
	EndGlobalSection
	GlobalSection(SolutionProperties) = preSolution
		HideSolutionNode = FALSE
	EndGlobalSection
	GlobalSection(ExtensibilityGlobals) = postSolution
		SolutionGuid = {FCB59429-8F49-4A4C-B45D-768FD4E2A68D}
	EndGlobalSection
EndGlobal
